
Microsoft Visual Studio Solution File, Format Version 11.00
# Visual Studio 2010
Project("{FAE04EC0-301F-11D3-BF4B-00C04F79EFBC}") = "trainer", "trainer\trainer.csproj", "{7FA9928B-302F-4C42-8293-EBC0C93640FF}"
EndProject
Global
	GlobalSection(SolutionConfigurationPlatforms) = preSolution
		Debug|x86 = Debug|x86
		Release|x86 = Release|x86
	EndGlobalSection
	GlobalSection(ProjectConfigurationPlatforms) = postSolution
		{7FA9928B-302F-4C42-8293-EBC0C93640FF}.Debug|x86.ActiveCfg = Debug|x86
		{7FA9928B-302F-4C42-8293-EBC0C93640FF}.Debug|x86.Build.0 = Debug|x86
		{7FA9928B-302F-4C42-8293-EBC0C93640FF}.Release|x86.ActiveCfg = Release|x86
		{7FA9928B-302F-4C42-8293-EBC0C93640FF}.Release|x86.Build.0 = Release|x86
	EndGlobalSection
	GlobalSection(SolutionProperties) = preSolution
		HideSolutionNode = FALSE
	EndGlobalSection
EndGlobal
